
Microsoft Visual Studio Solution File, Format Version 12.00
# Visual Studio 15
Project("{FAE04EC0-301F-11D3-BF4B-00C04F79EFBC}") = "Oculus.Platform", "Oculus.Platform.csproj", "{2B4AEB88-34E2-4893-E6DA-D06D502C1767}"
EndProject
Project("{FAE04EC0-301F-11D3-BF4B-00C04F79EFBC}") = "Assembly-CSharp", "Assembly-CSharp.csproj", "{B22CE0F5-BD0D-3145-538F-3F77B6AFEA3E}"
EndProject
Project("{FAE04EC0-301F-11D3-BF4B-00C04F79EFBC}") = "Oculus.Interaction", "Oculus.Interaction.csproj", "{328DFF55-69CB-90AB-33B4-4E0CC8F1803D}"
EndProject
Project("{FAE04EC0-301F-11D3-BF4B-00C04F79EFBC}") = "Oculus.VR", "Oculus.VR.csproj", "{E22C097B-4B7B-B29A-4252-DE7F5C565DAF}"
EndProject
Project("{FAE04EC0-301F-11D3-BF4B-00C04F79EFBC}") = "VoiceSDK.Dictation.Runtime", "VoiceSDK.Dictation.Runtime.csproj", "{57D84C56-CEC1-9981-B3E5-4121FF2CF69D}"
EndProject
Project("{FAE04EC0-301F-11D3-BF4B-00C04F79EFBC}") = "VoiceSDK.Runtime", "VoiceSDK.Runtime.csproj", "{81CE68BC-C5F7-C18A-E100-12634EE1F62C}"
EndProject
Project("{FAE04EC0-301F-11D3-BF4B-00C04F79EFBC}") = "Meta.WitAi", "Meta.WitAi.csproj", "{44C36D2E-5EC3-6CCA-8CCA-F3FE8F4DEE9A}"
EndProject
Project("{FAE04EC0-301F-11D3-BF4B-00C04F79EFBC}") = "Meta.WitAi.Lib", "Meta.WitAi.Lib.csproj", "{F23972E5-F960-C195-3EEB-E68EFB994FE8}"
EndProject
Project("{FAE04EC0-301F-11D3-BF4B-00C04F79EFBC}") = "Oculus.Interaction.OVR.Samples", "Oculus.Interaction.OVR.Samples.csproj", "{69D69757-F4C6-25EE-7137-D4C472624DD0}"
EndProject
Project("{FAE04EC0-301F-11D3-BF4B-00C04F79EFBC}") = "Meta.WitAi.TTS.Samples", "Meta.WitAi.TTS.Samples.csproj", "{CF8E0219-611F-758C-FF66-5015C6935248}"
EndProject
Project("{FAE04EC0-301F-11D3-BF4B-00C04F79EFBC}") = "Oculus.Voice.Demo", "Oculus.Voice.Demo.csproj", "{23017251-772E-1161-2E45-9550D4230BDF}"
EndProject
Project("{FAE04EC0-301F-11D3-BF4B-00C04F79EFBC}") = "Oculus.Interaction.OVR", "Oculus.Interaction.OVR.csproj", "{A71A3C33-C309-1398-5662-9E9DEB4A326C}"
EndProject
Project("{FAE04EC0-301F-11D3-BF4B-00C04F79EFBC}") = "AssistantCoreSDKRuntime", "AssistantCoreSDKRuntime.csproj", "{70DE908D-BF71-5A83-DCC7-9B1EA44B6054}"
EndProject
Project("{FAE04EC0-301F-11D3-BF4B-00C04F79EFBC}") = "Meta.WitAi.Conduit", "Meta.WitAi.Conduit.csproj", "{9C9D1243-0D5A-C10B-40E1-F2DC01826E37}"
EndProject
Project("{FAE04EC0-301F-11D3-BF4B-00C04F79EFBC}") = "Oculus.AudioManager", "Oculus.AudioManager.csproj", "{2989FB70-0E4F-E71C-19F4-B2ABB06D4DAC}"
EndProject
Project("{FAE04EC0-301F-11D3-BF4B-00C04F79EFBC}") = "Oculus.LipSync", "Oculus.LipSync.csproj", "{F178E89A-B68F-57C9-7E4C-1798E9FDBE5E}"
EndProject
Project("{FAE04EC0-301F-11D3-BF4B-00C04F79EFBC}") = "Oculus.Spatializer", "Oculus.Spatializer.csproj", "{28363763-4976-5971-26CC-2E1AD1613ACA}"
EndProject
Project("{FAE04EC0-301F-11D3-BF4B-00C04F79EFBC}") = "Meta.VoiceSDK.Mic.Other", "Meta.VoiceSDK.Mic.Other.csproj", "{41E9AFB6-E783-C5AB-7498-46B0A4662547}"
EndProject
Project("{FAE04EC0-301F-11D3-BF4B-00C04F79EFBC}") = "Meta.VoiceSDK.Mic.Common", "Meta.VoiceSDK.Mic.Common.csproj", "{76D4E268-9C1E-E69C-3D72-1C4BA5E272EF}"
EndProject
Project("{FAE04EC0-301F-11D3-BF4B-00C04F79EFBC}") = "Facebook.Wit.Dictation", "Facebook.Wit.Dictation.csproj", "{52984793-2DE0-2298-F64B-5A69A9BF5CC6}"
EndProject
Project("{FAE04EC0-301F-11D3-BF4B-00C04F79EFBC}") = "Meta.WitAi.TTS", "Meta.WitAi.TTS.csproj", "{9F7289C6-23F7-C61B-9BA7-3E6E91D27994}"
EndProject
Project("{FAE04EC0-301F-11D3-BF4B-00C04F79EFBC}") = "Meta.WitAi.Editor", "Meta.WitAi.Editor.csproj", "{2D708EDB-CB92-9F4E-0FF8-36F762B3C63D}"
EndProject
Project("{FAE04EC0-301F-11D3-BF4B-00C04F79EFBC}") = "Meta.WitAI.Lib.Editor", "Meta.WitAI.Lib.Editor.csproj", "{5CE7C5DE-3A16-AD7B-0AEC-BB1CF736420F}"
EndProject
Project("{FAE04EC0-301F-11D3-BF4B-00C04F79EFBC}") = "Oculus.VR.Editor", "Oculus.VR.Editor.csproj", "{FA477370-C06E-40F3-8C81-8320D5DBCD84}"
EndProject
Project("{FAE04EC0-301F-11D3-BF4B-00C04F79EFBC}") = "Meta.WitAi.Conduit.Editor", "Meta.WitAi.Conduit.Editor.csproj", "{FDF7A2CC-01B9-7D41-4E9B-5C4E18DED4C0}"
EndProject
Project("{FAE04EC0-301F-11D3-BF4B-00C04F79EFBC}") = "Oculus.Interaction.Editor", "Oculus.Interaction.Editor.csproj", "{5C01D22A-527C-7BA7-FED7-FC2B54151B99}"
EndProject
Project("{FAE04EC0-301F-11D3-BF4B-00C04F79EFBC}") = "Oculus.Interaction.OVR.Editor", "Oculus.Interaction.OVR.Editor.csproj", "{A3097D4C-0BF3-BB21-E939-6BA40942F06C}"
EndProject
Project("{FAE04EC0-301F-11D3-BF4B-00C04F79EFBC}") = "Assembly-CSharp-Editor", "Assembly-CSharp-Editor.csproj", "{86976BF3-20AC-D90E-6B70-DAC3DD5F5E8C}"
EndProject
Project("{FAE04EC0-301F-11D3-BF4B-00C04F79EFBC}") = "Oculus.VR.Scripts.Editor", "Oculus.VR.Scripts.Editor.csproj", "{99FA5C74-163D-3A4E-28F8-38B8C31C975A}"
EndProject
Project("{FAE04EC0-301F-11D3-BF4B-00C04F79EFBC}") = "Oculus.Spatializer.Editor", "Oculus.Spatializer.Editor.csproj", "{5608CB0F-A6E3-AB13-0C62-292532B42114}"
EndProject
Project("{FAE04EC0-301F-11D3-BF4B-00C04F79EFBC}") = "Meta.WitAi.TTS.Editor", "Meta.WitAi.TTS.Editor.csproj", "{6603CDB0-4FBE-3D7E-058F-9DAC70E5225D}"
EndProject
Project("{FAE04EC0-301F-11D3-BF4B-00C04F79EFBC}") = "VoiceSDK.Dictation.Editor", "VoiceSDK.Dictation.Editor.csproj", "{3D6BC7FD-C1E1-4408-8C44-6CD69FB80E75}"
EndProject
Project("{FAE04EC0-301F-11D3-BF4B-00C04F79EFBC}") = "Oculus.Platform.Editor", "Oculus.Platform.Editor.csproj", "{F0746F8A-2A13-EC3E-F976-4F26FAD2522C}"
EndProject
Project("{FAE04EC0-301F-11D3-BF4B-00C04F79EFBC}") = "VoiceSDK.Editor", "VoiceSDK.Editor.csproj", "{759F5CCC-675C-1FA4-5255-934BDA18E6BB}"
EndProject
Project("{FAE04EC0-301F-11D3-BF4B-00C04F79EFBC}") = "Oculus.AudioManager.Audio.Editor", "Oculus.AudioManager.Audio.Editor.csproj", "{9413DEE5-4109-2FCC-EF53-03F5B892AD68}"
EndProject
Project("{FAE04EC0-301F-11D3-BF4B-00C04F79EFBC}") = "Oculus.LipSync.Editor", "Oculus.LipSync.Editor.csproj", "{34BE7B6F-D5CA-F47D-F37A-88D98761EDF6}"
EndProject
Project("{FAE04EC0-301F-11D3-BF4B-00C04F79EFBC}") = "Oculus.AudioManager.Utils.Editor", "Oculus.AudioManager.Utils.Editor.csproj", "{FF05403F-879F-5793-F9F5-DE80D0686F9A}"
EndProject
Project("{FAE04EC0-301F-11D3-BF4B-00C04F79EFBC}") = "Oculus.Interaction.Samples.Editor", "Oculus.Interaction.Samples.Editor.csproj", "{8BAA16A0-A49D-83FF-141A-6B3FCFBD3A84}"
EndProject
Project("{FAE04EC0-301F-11D3-BF4B-00C04F79EFBC}") = "Facebook.Wit.Dictation.Editor", "Facebook.Wit.Dictation.Editor.csproj", "{380F4941-DDB2-5724-EEA1-67C309061703}"
EndProject
Project("{FAE04EC0-301F-11D3-BF4B-00C04F79EFBC}") = "Oculus.Interaction.InterfaceSupport", "Oculus.Interaction.InterfaceSupport.csproj", "{E5FFAA6E-EC8F-EA27-2884-19BF668D156E}"
EndProject
Project("{FAE04EC0-301F-11D3-BF4B-00C04F79EFBC}") = "AssistantCoreSDKEditor", "AssistantCoreSDKEditor.csproj", "{4167A99D-1106-A404-0C9E-BE0ABF2E22F1}"
EndProject
Global
	GlobalSection(SolutionConfigurationPlatforms) = preSolution
		Debug|Any CPU = Debug|Any CPU
		Release|Any CPU = Release|Any CPU
	EndGlobalSection
	GlobalSection(ProjectConfigurationPlatforms) = postSolution
		{2B4AEB88-34E2-4893-E6DA-D06D502C1767}.Debug|Any CPU.ActiveCfg = Debug|Any CPU
		{2B4AEB88-34E2-4893-E6DA-D06D502C1767}.Debug|Any CPU.Build.0 = Debug|Any CPU
		{2B4AEB88-34E2-4893-E6DA-D06D502C1767}.Release|Any CPU.ActiveCfg = Release|Any CPU
		{2B4AEB88-34E2-4893-E6DA-D06D502C1767}.Release|Any CPU.Build.0 = Release|Any CPU
		{B22CE0F5-BD0D-3145-538F-3F77B6AFEA3E}.Debug|Any CPU.ActiveCfg = Debug|Any CPU
		{B22CE0F5-BD0D-3145-538F-3F77B6AFEA3E}.Debug|Any CPU.Build.0 = Debug|Any CPU
		{B22CE0F5-BD0D-3145-538F-3F77B6AFEA3E}.Release|Any CPU.ActiveCfg = Release|Any CPU
		{B22CE0F5-BD0D-3145-538F-3F77B6AFEA3E}.Release|Any CPU.Build.0 = Release|Any CPU
		{328DFF55-69CB-90AB-33B4-4E0CC8F1803D}.Debug|Any CPU.ActiveCfg = Debug|Any CPU
		{328DFF55-69CB-90AB-33B4-4E0CC8F1803D}.Debug|Any CPU.Build.0 = Debug|Any CPU
		{328DFF55-69CB-90AB-33B4-4E0CC8F1803D}.Release|Any CPU.ActiveCfg = Release|Any CPU
		{328DFF55-69CB-90AB-33B4-4E0CC8F1803D}.Release|Any CPU.Build.0 = Release|Any CPU
		{E22C097B-4B7B-B29A-4252-DE7F5C565DAF}.Debug|Any CPU.ActiveCfg = Debug|Any CPU
		{E22C097B-4B7B-B29A-4252-DE7F5C565DAF}.Debug|Any CPU.Build.0 = Debug|Any CPU
		{E22C097B-4B7B-B29A-4252-DE7F5C565DAF}.Release|Any CPU.ActiveCfg = Release|Any CPU
		{E22C097B-4B7B-B29A-4252-DE7F5C565DAF}.Release|Any CPU.Build.0 = Release|Any CPU
		{57D84C56-CEC1-9981-B3E5-4121FF2CF69D}.Debug|Any CPU.ActiveCfg = Debug|Any CPU
		{57D84C56-CEC1-9981-B3E5-4121FF2CF69D}.Debug|Any CPU.Build.0 = Debug|Any CPU
		{57D84C56-CEC1-9981-B3E5-4121FF2CF69D}.Release|Any CPU.ActiveCfg = Release|Any CPU
		{57D84C56-CEC1-9981-B3E5-4121FF2CF69D}.Release|Any CPU.Build.0 = Release|Any CPU
		{81CE68BC-C5F7-C18A-E100-12634EE1F62C}.Debug|Any CPU.ActiveCfg = Debug|Any CPU
		{81CE68BC-C5F7-C18A-E100-12634EE1F62C}.Debug|Any CPU.Build.0 = Debug|Any CPU
		{81CE68BC-C5F7-C18A-E100-12634EE1F62C}.Release|Any CPU.ActiveCfg = Release|Any CPU
		{81CE68BC-C5F7-C18A-E100-12634EE1F62C}.Release|Any CPU.Build.0 = Release|Any CPU
		{44C36D2E-5EC3-6CCA-8CCA-F3FE8F4DEE9A}.Debug|Any CPU.ActiveCfg = Debug|Any CPU
		{44C36D2E-5EC3-6CCA-8CCA-F3FE8F4DEE9A}.Debug|Any CPU.Build.0 = Debug|Any CPU
		{44C36D2E-5EC3-6CCA-8CCA-F3FE8F4DEE9A}.Release|Any CPU.ActiveCfg = Release|Any CPU
		{44C36D2E-5EC3-6CCA-8CCA-F3FE8F4DEE9A}.Release|Any CPU.Build.0 = Release|Any CPU
		{F23972E5-F960-C195-3EEB-E68EFB994FE8}.Debug|Any CPU.ActiveCfg = Debug|Any CPU
		{F23972E5-F960-C195-3EEB-E68EFB994FE8}.Debug|Any CPU.Build.0 = Debug|Any CPU
		{F23972E5-F960-C195-3EEB-E68EFB994FE8}.Release|Any CPU.ActiveCfg = Release|Any CPU
		{F23972E5-F960-C195-3EEB-E68EFB994FE8}.Release|Any CPU.Build.0 = Release|Any CPU
		{69D69757-F4C6-25EE-7137-D4C472624DD0}.Debug|Any CPU.ActiveCfg = Debug|Any CPU
		{69D69757-F4C6-25EE-7137-D4C472624DD0}.Debug|Any CPU.Build.0 = Debug|Any CPU
		{69D69757-F4C6-25EE-7137-D4C472624DD0}.Release|Any CPU.ActiveCfg = Release|Any CPU
		{69D69757-F4C6-25EE-7137-D4C472624DD0}.Release|Any CPU.Build.0 = Release|Any CPU
		{CF8E0219-611F-758C-FF66-5015C6935248}.Debug|Any CPU.ActiveCfg = Debug|Any CPU
		{CF8E0219-611F-758C-FF66-5015C6935248}.Debug|Any CPU.Build.0 = Debug|Any CPU
		{CF8E0219-611F-758C-FF66-5015C6935248}.Release|Any CPU.ActiveCfg = Release|Any CPU
		{CF8E0219-611F-758C-FF66-5015C6935248}.Release|Any CPU.Build.0 = Release|Any CPU
		{23017251-772E-1161-2E45-9550D4230BDF}.Debug|Any CPU.ActiveCfg = Debug|Any CPU
		{23017251-772E-1161-2E45-9550D4230BDF}.Debug|Any CPU.Build.0 = Debug|Any CPU
		{23017251-772E-1161-2E45-9550D4230BDF}.Release|Any CPU.ActiveCfg = Release|Any CPU
		{23017251-772E-1161-2E45-9550D4230BDF}.Release|Any CPU.Build.0 = Release|Any CPU
		{A71A3C33-C309-1398-5662-9E9DEB4A326C}.Debug|Any CPU.ActiveCfg = Debug|Any CPU
		{A71A3C33-C309-1398-5662-9E9DEB4A326C}.Debug|Any CPU.Build.0 = Debug|Any CPU
		{A71A3C33-C309-1398-5662-9E9DEB4A326C}.Release|Any CPU.ActiveCfg = Release|Any CPU
		{A71A3C33-C309-1398-5662-9E9DEB4A326C}.Release|Any CPU.Build.0 = Release|Any CPU
		{70DE908D-BF71-5A83-DCC7-9B1EA44B6054}.Debug|Any CPU.ActiveCfg = Debug|Any CPU
		{70DE908D-BF71-5A83-DCC7-9B1EA44B6054}.Debug|Any CPU.Build.0 = Debug|Any CPU
		{70DE908D-BF71-5A83-DCC7-9B1EA44B6054}.Release|Any CPU.ActiveCfg = Release|Any CPU
		{70DE908D-BF71-5A83-DCC7-9B1EA44B6054}.Release|Any CPU.Build.0 = Release|Any CPU
		{9C9D1243-0D5A-C10B-40E1-F2DC01826E37}.Debug|Any CPU.ActiveCfg = Debug|Any CPU
		{9C9D1243-0D5A-C10B-40E1-F2DC01826E37}.Debug|Any CPU.Build.0 = Debug|Any CPU
		{9C9D1243-0D5A-C10B-40E1-F2DC01826E37}.Release|Any CPU.ActiveCfg = Release|Any CPU
		{9C9D1243-0D5A-C10B-40E1-F2DC01826E37}.Release|Any CPU.Build.0 = Release|Any CPU
		{2989FB70-0E4F-E71C-19F4-B2ABB06D4DAC}.Debug|Any CPU.ActiveCfg = Debug|Any CPU
		{2989FB70-0E4F-E71C-19F4-B2ABB06D4DAC}.Debug|Any CPU.Build.0 = Debug|Any CPU
		{2989FB70-0E4F-E71C-19F4-B2ABB06D4DAC}.Release|Any CPU.ActiveCfg = Release|Any CPU
		{2989FB70-0E4F-E71C-19F4-B2ABB06D4DAC}.Release|Any CPU.Build.0 = Release|Any CPU
		{F178E89A-B68F-57C9-7E4C-1798E9FDBE5E}.Debug|Any CPU.ActiveCfg = Debug|Any CPU
		{F178E89A-B68F-57C9-7E4C-1798E9FDBE5E}.Debug|Any CPU.Build.0 = Debug|Any CPU
		{F178E89A-B68F-57C9-7E4C-1798E9FDBE5E}.Release|Any CPU.ActiveCfg = Release|Any CPU
		{F178E89A-B68F-57C9-7E4C-1798E9FDBE5E}.Release|Any CPU.Build.0 = Release|Any CPU
		{28363763-4976-5971-26CC-2E1AD1613ACA}.Debug|Any CPU.ActiveCfg = Debug|Any CPU
		{28363763-4976-5971-26CC-2E1AD1613ACA}.Debug|Any CPU.Build.0 = Debug|Any CPU
		{28363763-4976-5971-26CC-2E1AD1613ACA}.Release|Any CPU.ActiveCfg = Release|Any CPU
		{28363763-4976-5971-26CC-2E1AD1613ACA}.Release|Any CPU.Build.0 = Release|Any CPU
		{41E9AFB6-E783-C5AB-7498-46B0A4662547}.Debug|Any CPU.ActiveCfg = Debug|Any CPU
		{41E9AFB6-E783-C5AB-7498-46B0A4662547}.Debug|Any CPU.Build.0 = Debug|Any CPU
		{41E9AFB6-E783-C5AB-7498-46B0A4662547}.Release|Any CPU.ActiveCfg = Release|Any CPU
		{41E9AFB6-E783-C5AB-7498-46B0A4662547}.Release|Any CPU.Build.0 = Release|Any CPU
		{76D4E268-9C1E-E69C-3D72-1C4BA5E272EF}.Debug|Any CPU.ActiveCfg = Debug|Any CPU
		{76D4E268-9C1E-E69C-3D72-1C4BA5E272EF}.Debug|Any CPU.Build.0 = Debug|Any CPU
		{76D4E268-9C1E-E69C-3D72-1C4BA5E272EF}.Release|Any CPU.ActiveCfg = Release|Any CPU
		{76D4E268-9C1E-E69C-3D72-1C4BA5E272EF}.Release|Any CPU.Build.0 = Release|Any CPU
		{52984793-2DE0-2298-F64B-5A69A9BF5CC6}.Debug|Any CPU.ActiveCfg = Debug|Any CPU
		{52984793-2DE0-2298-F64B-5A69A9BF5CC6}.Debug|Any CPU.Build.0 = Debug|Any CPU
		{52984793-2DE0-2298-F64B-5A69A9BF5CC6}.Release|Any CPU.ActiveCfg = Release|Any CPU
		{52984793-2DE0-2298-F64B-5A69A9BF5CC6}.Release|Any CPU.Build.0 = Release|Any CPU
		{9F7289C6-23F7-C61B-9BA7-3E6E91D27994}.Debug|Any CPU.ActiveCfg = Debug|Any CPU
		{9F7289C6-23F7-C61B-9BA7-3E6E91D27994}.Debug|Any CPU.Build.0 = Debug|Any CPU
		{9F7289C6-23F7-C61B-9BA7-3E6E91D27994}.Release|Any CPU.ActiveCfg = Release|Any CPU
		{9F7289C6-23F7-C61B-9BA7-3E6E91D27994}.Release|Any CPU.Build.0 = Release|Any CPU
		{2D708EDB-CB92-9F4E-0FF8-36F762B3C63D}.Debug|Any CPU.ActiveCfg = Debug|Any CPU
		{2D708EDB-CB92-9F4E-0FF8-36F762B3C63D}.Debug|Any CPU.Build.0 = Debug|Any CPU
		{2D708EDB-CB92-9F4E-0FF8-36F762B3C63D}.Release|Any CPU.ActiveCfg = Release|Any CPU
		{2D708EDB-CB92-9F4E-0FF8-36F762B3C63D}.Release|Any CPU.Build.0 = Release|Any CPU
		{5CE7C5DE-3A16-AD7B-0AEC-BB1CF736420F}.Debug|Any CPU.ActiveCfg = Debug|Any CPU
		{5CE7C5DE-3A16-AD7B-0AEC-BB1CF736420F}.Debug|Any CPU.Build.0 = Debug|Any CPU
		{5CE7C5DE-3A16-AD7B-0AEC-BB1CF736420F}.Release|Any CPU.ActiveCfg = Release|Any CPU
		{5CE7C5DE-3A16-AD7B-0AEC-BB1CF736420F}.Release|Any CPU.Build.0 = Release|Any CPU
		{FA477370-C06E-40F3-8C81-8320D5DBCD84}.Debug|Any CPU.ActiveCfg = Debug|Any CPU
		{FA477370-C06E-40F3-8C81-8320D5DBCD84}.Debug|Any CPU.Build.0 = Debug|Any CPU
		{FA477370-C06E-40F3-8C81-8320D5DBCD84}.Release|Any CPU.ActiveCfg = Release|Any CPU
		{FA477370-C06E-40F3-8C81-8320D5DBCD84}.Release|Any CPU.Build.0 = Release|Any CPU
		{FDF7A2CC-01B9-7D41-4E9B-5C4E18DED4C0}.Debug|Any CPU.ActiveCfg = Debug|Any CPU
		{FDF7A2CC-01B9-7D41-4E9B-5C4E18DED4C0}.Debug|Any CPU.Build.0 = Debug|Any CPU
		{FDF7A2CC-01B9-7D41-4E9B-5C4E18DED4C0}.Release|Any CPU.ActiveCfg = Release|Any CPU
		{FDF7A2CC-01B9-7D41-4E9B-5C4E18DED4C0}.Release|Any CPU.Build.0 = Release|Any CPU
		{5C01D22A-527C-7BA7-FED7-FC2B54151B99}.Debug|Any CPU.ActiveCfg = Debug|Any CPU
		{5C01D22A-527C-7BA7-FED7-FC2B54151B99}.Debug|Any CPU.Build.0 = Debug|Any CPU
		{5C01D22A-527C-7BA7-FED7-FC2B54151B99}.Release|Any CPU.ActiveCfg = Release|Any CPU
		{5C01D22A-527C-7BA7-FED7-FC2B54151B99}.Release|Any CPU.Build.0 = Release|Any CPU
		{A3097D4C-0BF3-BB21-E939-6BA40942F06C}.Debug|Any CPU.ActiveCfg = Debug|Any CPU
		{A3097D4C-0BF3-BB21-E939-6BA40942F06C}.Debug|Any CPU.Build.0 = Debug|Any CPU
		{A3097D4C-0BF3-BB21-E939-6BA40942F06C}.Release|Any CPU.ActiveCfg = Release|Any CPU
		{A3097D4C-0BF3-BB21-E939-6BA40942F06C}.Release|Any CPU.Build.0 = Release|Any CPU
		{86976BF3-20AC-D90E-6B70-DAC3DD5F5E8C}.Debug|Any CPU.ActiveCfg = Debug|Any CPU
		{86976BF3-20AC-D90E-6B70-DAC3DD5F5E8C}.Debug|Any CPU.Build.0 = Debug|Any CPU
		{86976BF3-20AC-D90E-6B70-DAC3DD5F5E8C}.Release|Any CPU.ActiveCfg = Release|Any CPU
		{86976BF3-20AC-D90E-6B70-DAC3DD5F5E8C}.Release|Any CPU.Build.0 = Release|Any CPU
		{99FA5C74-163D-3A4E-28F8-38B8C31C975A}.Debug|Any CPU.ActiveCfg = Debug|Any CPU
		{99FA5C74-163D-3A4E-28F8-38B8C31C975A}.Debug|Any CPU.Build.0 = Debug|Any CPU
		{99FA5C74-163D-3A4E-28F8-38B8C31C975A}.Release|Any CPU.ActiveCfg = Release|Any CPU
		{99FA5C74-163D-3A4E-28F8-38B8C31C975A}.Release|Any CPU.Build.0 = Release|Any CPU
		{5608CB0F-A6E3-AB13-0C62-292532B42114}.Debug|Any CPU.ActiveCfg = Debug|Any CPU
		{5608CB0F-A6E3-AB13-0C62-292532B42114}.Debug|Any CPU.Build.0 = Debug|Any CPU
		{5608CB0F-A6E3-AB13-0C62-292532B42114}.Release|Any CPU.ActiveCfg = Release|Any CPU
		{5608CB0F-A6E3-AB13-0C62-292532B42114}.Release|Any CPU.Build.0 = Release|Any CPU
		{6603CDB0-4FBE-3D7E-058F-9DAC70E5225D}.Debug|Any CPU.ActiveCfg = Debug|Any CPU
		{6603CDB0-4FBE-3D7E-058F-9DAC70E5225D}.Debug|Any CPU.Build.0 = Debug|Any CPU
		{6603CDB0-4FBE-3D7E-058F-9DAC70E5225D}.Release|Any CPU.ActiveCfg = Release|Any CPU
		{6603CDB0-4FBE-3D7E-058F-9DAC70E5225D}.Release|Any CPU.Build.0 = Release|Any CPU
		{3D6BC7FD-C1E1-4408-8C44-6CD69FB80E75}.Debug|Any CPU.ActiveCfg = Debug|Any CPU
		{3D6BC7FD-C1E1-4408-8C44-6CD69FB80E75}.Debug|Any CPU.Build.0 = Debug|Any CPU
		{3D6BC7FD-C1E1-4408-8C44-6CD69FB80E75}.Release|Any CPU.ActiveCfg = Release|Any CPU
		{3D6BC7FD-C1E1-4408-8C44-6CD69FB80E75}.Release|Any CPU.Build.0 = Release|Any CPU
		{F0746F8A-2A13-EC3E-F976-4F26FAD2522C}.Debug|Any CPU.ActiveCfg = Debug|Any CPU
		{F0746F8A-2A13-EC3E-F976-4F26FAD2522C}.Debug|Any CPU.Build.0 = Debug|Any CPU
		{F0746F8A-2A13-EC3E-F976-4F26FAD2522C}.Release|Any CPU.ActiveCfg = Release|Any CPU
		{F0746F8A-2A13-EC3E-F976-4F26FAD2522C}.Release|Any CPU.Build.0 = Release|Any CPU
		{759F5CCC-675C-1FA4-5255-934BDA18E6BB}.Debug|Any CPU.ActiveCfg = Debug|Any CPU
		{759F5CCC-675C-1FA4-5255-934BDA18E6BB}.Debug|Any CPU.Build.0 = Debug|Any CPU
		{759F5CCC-675C-1FA4-5255-934BDA18E6BB}.Release|Any CPU.ActiveCfg = Release|Any CPU
		{759F5CCC-675C-1FA4-5255-934BDA18E6BB}.Release|Any CPU.Build.0 = Release|Any CPU
		{9413DEE5-4109-2FCC-EF53-03F5B892AD68}.Debug|Any CPU.ActiveCfg = Debug|Any CPU
		{9413DEE5-4109-2FCC-EF53-03F5B892AD68}.Debug|Any CPU.Build.0 = Debug|Any CPU
		{9413DEE5-4109-2FCC-EF53-03F5B892AD68}.Release|Any CPU.ActiveCfg = Release|Any CPU
		{9413DEE5-4109-2FCC-EF53-03F5B892AD68}.Release|Any CPU.Build.0 = Release|Any CPU
		{34BE7B6F-D5CA-F47D-F37A-88D98761EDF6}.Debug|Any CPU.ActiveCfg = Debug|Any CPU
		{34BE7B6F-D5CA-F47D-F37A-88D98761EDF6}.Debug|Any CPU.Build.0 = Debug|Any CPU
		{34BE7B6F-D5CA-F47D-F37A-88D98761EDF6}.Release|Any CPU.ActiveCfg = Release|Any CPU
		{34BE7B6F-D5CA-F47D-F37A-88D98761EDF6}.Release|Any CPU.Build.0 = Release|Any CPU
		{FF05403F-879F-5793-F9F5-DE80D0686F9A}.Debug|Any CPU.ActiveCfg = Debug|Any CPU
		{FF05403F-879F-5793-F9F5-DE80D0686F9A}.Debug|Any CPU.Build.0 = Debug|Any CPU
		{FF05403F-879F-5793-F9F5-DE80D0686F9A}.Release|Any CPU.ActiveCfg = Release|Any CPU
		{FF05403F-879F-5793-F9F5-DE80D0686F9A}.Release|Any CPU.Build.0 = Release|Any CPU
		{8BAA16A0-A49D-83FF-141A-6B3FCFBD3A84}.Debug|Any CPU.ActiveCfg = Debug|Any CPU
		{8BAA16A0-A49D-83FF-141A-6B3FCFBD3A84}.Debug|Any CPU.Build.0 = Debug|Any CPU
		{8BAA16A0-A49D-83FF-141A-6B3FCFBD3A84}.Release|Any CPU.ActiveCfg = Release|Any CPU
		{8BAA16A0-A49D-83FF-141A-6B3FCFBD3A84}.Release|Any CPU.Build.0 = Release|Any CPU
		{380F4941-DDB2-5724-EEA1-67C309061703}.Debug|Any CPU.ActiveCfg = Debug|Any CPU
		{380F4941-DDB2-5724-EEA1-67C309061703}.Debug|Any CPU.Build.0 = Debug|Any CPU
		{380F4941-DDB2-5724-EEA1-67C309061703}.Release|Any CPU.ActiveCfg = Release|Any CPU
		{380F4941-DDB2-5724-EEA1-67C309061703}.Release|Any CPU.Build.0 = Release|Any CPU
		{E5FFAA6E-EC8F-EA27-2884-19BF668D156E}.Debug|Any CPU.ActiveCfg = Debug|Any CPU
		{E5FFAA6E-EC8F-EA27-2884-19BF668D156E}.Debug|Any CPU.Build.0 = Debug|Any CPU
		{E5FFAA6E-EC8F-EA27-2884-19BF668D156E}.Release|Any CPU.ActiveCfg = Release|Any CPU
		{E5FFAA6E-EC8F-EA27-2884-19BF668D156E}.Release|Any CPU.Build.0 = Release|Any CPU
		{4167A99D-1106-A404-0C9E-BE0ABF2E22F1}.Debug|Any CPU.ActiveCfg = Debug|Any CPU
		{4167A99D-1106-A404-0C9E-BE0ABF2E22F1}.Debug|Any CPU.Build.0 = Debug|Any CPU
		{4167A99D-1106-A404-0C9E-BE0ABF2E22F1}.Release|Any CPU.ActiveCfg = Release|Any CPU
		{4167A99D-1106-A404-0C9E-BE0ABF2E22F1}.Release|Any CPU.Build.0 = Release|Any CPU
	EndGlobalSection
	GlobalSection(SolutionProperties) = preSolution
		HideSolutionNode = FALSE
	EndGlobalSection
EndGlobal
